{
  "name": "@jdurstberger/js-lib-example",
  "version": "0.0.0",
  "lockfileVersion": 3,
  "requires": true,
  "packages": {
    "": {
      "name": "@jdurstberger/js-lib-example",
      "version": "0.0.0",
      "license": "MIT",
      "dependencies": {
        "@jdurstberger/js-lib-example": "^0.0.0"
      }
    },
    "node_modules/@jdurstberger/js-lib-example": {
      "version": "0.0.0",
      "resolved": "https://npm.pkg.github.com/download/@jdurstberger/js-lib-example/0.0.0/6d875d91772eec5430985c435c869a4a4efd088c",
      "integrity": "sha512-WdwKc7Uj1xV0gAL4i3B7IN0Yr91Ukp5Ubgi94XvmU5Z6XKXI36Pv+0EK4fvNU9L7hG2SD+kKpkVisrdi69x3Ow==",
      "license": "MIT"
    }
  }
}
